
Microsoft Visual Studio Solution File, Format Version 12.00
# Visual Studio Version 17
VisualStudioVersion = 17.8.34316.72
MinimumVisualStudioVersion = 10.0.40219.1
Project("{2150E333-8FDC-42A3-9474-1A3956D46DE8}") = "Solution Items", "Solution Items", "{63A9E22B-C6EF-4D00-B1C0-868089FF9352}"
	ProjectSection(SolutionItems) = preProject
		src\docker-compose.override.yml = src\docker-compose.override.yml
		src\docker-compose.yml = src\docker-compose.yml
		global.json = global.json
		README.md = README.md
	EndProjectSection
EndProject
Project("{2150E333-8FDC-42A3-9474-1A3956D46DE8}") = "src", "src", "{85CA7270-B6B9-46BC-9CE3-9FA02D74AA36}"
EndProject
Project("{2150E333-8FDC-42A3-9474-1A3956D46DE8}") = "tests", "tests", "{B199D612-8A8B-409A-9D9D-74F9D2AC0F54}"
EndProject
Project("{2150E333-8FDC-42A3-9474-1A3956D46DE8}") = "BuildingBlocks", "BuildingBlocks", "{1D28B05E-D68A-4B3B-A661-5A0BAEA4CAF6}"
EndProject
Project("{9A19103F-16F7-4668-BE54-9A1E7A4F7556}") = "Common.Logging", "src\BuildingBlocks\Common.Logging\Common.Logging.csproj", "{1D5D9DBC-4705-44BD-A28E-96E109AF1C2C}"
EndProject
Project("{9A19103F-16F7-4668-BE54-9A1E7A4F7556}") = "EventBus.Messages", "src\BuildingBlocks\EventBus.Messages\EventBus.Messages.csproj", "{1F60E8D2-5B86-491D-97BD-435296322AC4}"
EndProject
Project("{2150E333-8FDC-42A3-9474-1A3956D46DE8}") = "Services", "Services", "{7AC49AD1-DF6E-4151-8E4D-C728A7C4FF7A}"
EndProject
Project("{2150E333-8FDC-42A3-9474-1A3956D46DE8}") = "Basket", "Basket", "{6962D813-C6EC-4D52-BB51-DA74966D11CA}"
EndProject
Project("{2150E333-8FDC-42A3-9474-1A3956D46DE8}") = "Customer", "Customer", "{04154932-6733-458B-8119-4D904A5CAF4E}"
EndProject
Project("{2150E333-8FDC-42A3-9474-1A3956D46DE8}") = "Inventory", "Inventory", "{2B89F143-1C8F-446B-A1B6-2AB034EB605D}"
EndProject
Project("{2150E333-8FDC-42A3-9474-1A3956D46DE8}") = "Product", "Product", "{557A3CEF-CDBC-45DB-B337-968B98DA2B99}"
EndProject
Project("{2150E333-8FDC-42A3-9474-1A3956D46DE8}") = "ScheduledJob", "ScheduledJob", "{8AA5577A-E5A7-4CF3-877E-77322026C418}"
EndProject
Project("{2150E333-8FDC-42A3-9474-1A3956D46DE8}") = "WebApps", "WebApps", "{0B1738B4-F27D-4B65-A09A-93BE4F3ECCB6}"
EndProject
Project("{9A19103F-16F7-4668-BE54-9A1E7A4F7556}") = "WebHealthStatus", "src\WebApps\WebHealthStatus\WebHealthStatus.csproj", "{B5C30E19-8827-43F0-9F24-0400550E45F6}"
EndProject
Project("{9A19103F-16F7-4668-BE54-9A1E7A4F7556}") = "Basket.API", "src\Services\Basket.API\Basket.API.csproj", "{22653D37-A2B9-44CD-8DD5-C214AEAA5E42}"
EndProject
Project("{9A19103F-16F7-4668-BE54-9A1E7A4F7556}") = "Contracts", "src\BuildingBlocks\Contracts\Contracts.csproj", "{C91D8CE9-D31A-49DA-A7DE-273E0A857CC1}"
EndProject
Project("{9A19103F-16F7-4668-BE54-9A1E7A4F7556}") = "Infrastructure", "src\BuildingBlocks\Infrastructure\Infrastructure.csproj", "{6E3FED88-5EFF-4440-9244-6325AE38C755}"
EndProject
Project("{9A19103F-16F7-4668-BE54-9A1E7A4F7556}") = "Shared", "src\BuildingBlocks\Shared\Shared.csproj", "{2D643653-DCE2-4F60-A6C6-FD2D1E9D1A15}"
EndProject
Project("{2150E333-8FDC-42A3-9474-1A3956D46DE8}") = "ApiGateways", "ApiGateways", "{84B7C687-DCF7-4F49-8886-AEEEC914B76C}"
EndProject
Project("{9A19103F-16F7-4668-BE54-9A1E7A4F7556}") = "OcelotApiGw", "src\ApiGateways\OcelotApiGw\OcelotApiGw.csproj", "{A7B53B2F-2D9D-4A67-A88C-AA04BAFB112C}"
EndProject
Project("{FAE04EC0-301F-11D3-BF4B-00C04F79EFBC}") = "Product.API", "src\Services\Product.API\Product.API\Product.API.csproj", "{39C4A376-7FCF-43DA-9A7C-926A63B25140}"
EndProject
Project("{FAE04EC0-301F-11D3-BF4B-00C04F79EFBC}") = "Customer.API", "src\Services\Customer.API\Customer.API\Customer.API.csproj", "{5733DEF9-C83B-4E1F-8C7E-B99D5CFFEE35}"
EndProject
Global
	GlobalSection(SolutionConfigurationPlatforms) = preSolution
		Debug|Any CPU = Debug|Any CPU
		Release|Any CPU = Release|Any CPU
	EndGlobalSection
	GlobalSection(ProjectConfigurationPlatforms) = postSolution
		{1D5D9DBC-4705-44BD-A28E-96E109AF1C2C}.Debug|Any CPU.ActiveCfg = Debug|Any CPU
		{1D5D9DBC-4705-44BD-A28E-96E109AF1C2C}.Debug|Any CPU.Build.0 = Debug|Any CPU
		{1D5D9DBC-4705-44BD-A28E-96E109AF1C2C}.Release|Any CPU.ActiveCfg = Release|Any CPU
		{1D5D9DBC-4705-44BD-A28E-96E109AF1C2C}.Release|Any CPU.Build.0 = Release|Any CPU
		{1F60E8D2-5B86-491D-97BD-435296322AC4}.Debug|Any CPU.ActiveCfg = Debug|Any CPU
		{1F60E8D2-5B86-491D-97BD-435296322AC4}.Debug|Any CPU.Build.0 = Debug|Any CPU
		{1F60E8D2-5B86-491D-97BD-435296322AC4}.Release|Any CPU.ActiveCfg = Release|Any CPU
		{1F60E8D2-5B86-491D-97BD-435296322AC4}.Release|Any CPU.Build.0 = Release|Any CPU
		{B5C30E19-8827-43F0-9F24-0400550E45F6}.Debug|Any CPU.ActiveCfg = Debug|Any CPU
		{B5C30E19-8827-43F0-9F24-0400550E45F6}.Debug|Any CPU.Build.0 = Debug|Any CPU
		{B5C30E19-8827-43F0-9F24-0400550E45F6}.Release|Any CPU.ActiveCfg = Release|Any CPU
		{B5C30E19-8827-43F0-9F24-0400550E45F6}.Release|Any CPU.Build.0 = Release|Any CPU
		{22653D37-A2B9-44CD-8DD5-C214AEAA5E42}.Debug|Any CPU.ActiveCfg = Debug|Any CPU
		{22653D37-A2B9-44CD-8DD5-C214AEAA5E42}.Debug|Any CPU.Build.0 = Debug|Any CPU
		{22653D37-A2B9-44CD-8DD5-C214AEAA5E42}.Release|Any CPU.ActiveCfg = Release|Any CPU
		{22653D37-A2B9-44CD-8DD5-C214AEAA5E42}.Release|Any CPU.Build.0 = Release|Any CPU
		{C91D8CE9-D31A-49DA-A7DE-273E0A857CC1}.Debug|Any CPU.ActiveCfg = Debug|Any CPU
		{C91D8CE9-D31A-49DA-A7DE-273E0A857CC1}.Debug|Any CPU.Build.0 = Debug|Any CPU
		{C91D8CE9-D31A-49DA-A7DE-273E0A857CC1}.Release|Any CPU.ActiveCfg = Release|Any CPU
		{C91D8CE9-D31A-49DA-A7DE-273E0A857CC1}.Release|Any CPU.Build.0 = Release|Any CPU
		{6E3FED88-5EFF-4440-9244-6325AE38C755}.Debug|Any CPU.ActiveCfg = Debug|Any CPU
		{6E3FED88-5EFF-4440-9244-6325AE38C755}.Debug|Any CPU.Build.0 = Debug|Any CPU
		{6E3FED88-5EFF-4440-9244-6325AE38C755}.Release|Any CPU.ActiveCfg = Release|Any CPU
		{6E3FED88-5EFF-4440-9244-6325AE38C755}.Release|Any CPU.Build.0 = Release|Any CPU
		{2D643653-DCE2-4F60-A6C6-FD2D1E9D1A15}.Debug|Any CPU.ActiveCfg = Debug|Any CPU
		{2D643653-DCE2-4F60-A6C6-FD2D1E9D1A15}.Debug|Any CPU.Build.0 = Debug|Any CPU
		{2D643653-DCE2-4F60-A6C6-FD2D1E9D1A15}.Release|Any CPU.ActiveCfg = Release|Any CPU
		{2D643653-DCE2-4F60-A6C6-FD2D1E9D1A15}.Release|Any CPU.Build.0 = Release|Any CPU
		{A7B53B2F-2D9D-4A67-A88C-AA04BAFB112C}.Debug|Any CPU.ActiveCfg = Debug|Any CPU
		{A7B53B2F-2D9D-4A67-A88C-AA04BAFB112C}.Debug|Any CPU.Build.0 = Debug|Any CPU
		{A7B53B2F-2D9D-4A67-A88C-AA04BAFB112C}.Release|Any CPU.ActiveCfg = Release|Any CPU
		{A7B53B2F-2D9D-4A67-A88C-AA04BAFB112C}.Release|Any CPU.Build.0 = Release|Any CPU
		{39C4A376-7FCF-43DA-9A7C-926A63B25140}.Debug|Any CPU.ActiveCfg = Debug|Any CPU
		{39C4A376-7FCF-43DA-9A7C-926A63B25140}.Debug|Any CPU.Build.0 = Debug|Any CPU
		{39C4A376-7FCF-43DA-9A7C-926A63B25140}.Release|Any CPU.ActiveCfg = Release|Any CPU
		{39C4A376-7FCF-43DA-9A7C-926A63B25140}.Release|Any CPU.Build.0 = Release|Any CPU
		{5733DEF9-C83B-4E1F-8C7E-B99D5CFFEE35}.Debug|Any CPU.ActiveCfg = Debug|Any CPU
		{5733DEF9-C83B-4E1F-8C7E-B99D5CFFEE35}.Debug|Any CPU.Build.0 = Debug|Any CPU
		{5733DEF9-C83B-4E1F-8C7E-B99D5CFFEE35}.Release|Any CPU.ActiveCfg = Release|Any CPU
		{5733DEF9-C83B-4E1F-8C7E-B99D5CFFEE35}.Release|Any CPU.Build.0 = Release|Any CPU
	EndGlobalSection
	GlobalSection(SolutionProperties) = preSolution
		HideSolutionNode = FALSE
	EndGlobalSection
	GlobalSection(NestedProjects) = preSolution
		{1D28B05E-D68A-4B3B-A661-5A0BAEA4CAF6} = {85CA7270-B6B9-46BC-9CE3-9FA02D74AA36}
		{1D5D9DBC-4705-44BD-A28E-96E109AF1C2C} = {1D28B05E-D68A-4B3B-A661-5A0BAEA4CAF6}
		{1F60E8D2-5B86-491D-97BD-435296322AC4} = {1D28B05E-D68A-4B3B-A661-5A0BAEA4CAF6}
		{7AC49AD1-DF6E-4151-8E4D-C728A7C4FF7A} = {85CA7270-B6B9-46BC-9CE3-9FA02D74AA36}
		{6962D813-C6EC-4D52-BB51-DA74966D11CA} = {7AC49AD1-DF6E-4151-8E4D-C728A7C4FF7A}
		{04154932-6733-458B-8119-4D904A5CAF4E} = {7AC49AD1-DF6E-4151-8E4D-C728A7C4FF7A}
		{2B89F143-1C8F-446B-A1B6-2AB034EB605D} = {7AC49AD1-DF6E-4151-8E4D-C728A7C4FF7A}
		{557A3CEF-CDBC-45DB-B337-968B98DA2B99} = {7AC49AD1-DF6E-4151-8E4D-C728A7C4FF7A}
		{8AA5577A-E5A7-4CF3-877E-77322026C418} = {7AC49AD1-DF6E-4151-8E4D-C728A7C4FF7A}
		{0B1738B4-F27D-4B65-A09A-93BE4F3ECCB6} = {85CA7270-B6B9-46BC-9CE3-9FA02D74AA36}
		{B5C30E19-8827-43F0-9F24-0400550E45F6} = {0B1738B4-F27D-4B65-A09A-93BE4F3ECCB6}
		{22653D37-A2B9-44CD-8DD5-C214AEAA5E42} = {6962D813-C6EC-4D52-BB51-DA74966D11CA}
		{C91D8CE9-D31A-49DA-A7DE-273E0A857CC1} = {1D28B05E-D68A-4B3B-A661-5A0BAEA4CAF6}
		{6E3FED88-5EFF-4440-9244-6325AE38C755} = {1D28B05E-D68A-4B3B-A661-5A0BAEA4CAF6}
		{2D643653-DCE2-4F60-A6C6-FD2D1E9D1A15} = {1D28B05E-D68A-4B3B-A661-5A0BAEA4CAF6}
		{84B7C687-DCF7-4F49-8886-AEEEC914B76C} = {85CA7270-B6B9-46BC-9CE3-9FA02D74AA36}
		{A7B53B2F-2D9D-4A67-A88C-AA04BAFB112C} = {84B7C687-DCF7-4F49-8886-AEEEC914B76C}
		{39C4A376-7FCF-43DA-9A7C-926A63B25140} = {557A3CEF-CDBC-45DB-B337-968B98DA2B99}
		{5733DEF9-C83B-4E1F-8C7E-B99D5CFFEE35} = {04154932-6733-458B-8119-4D904A5CAF4E}
	EndGlobalSection
	GlobalSection(ExtensibilityGlobals) = postSolution
		SolutionGuid = {E4B81165-A0B9-474C-AEA1-F4252617C3CC}
	EndGlobalSection
EndGlobal
